// !$*UTF8*$!
{
	archiveVersion = 1;
	classes = {
	};
	objectVersion = 50;
	objects = {

/* Begin PBXBuildFile section */
		DED2AF6724339B9C007DFA9B /* AppDelegate.swift in Sources */ = {isa = PBXBuildFile; fileRef = DED2AF6624339B9C007DFA9B /* AppDelegate.swift */; };
		DED2AF6924339B9C007DFA9B /* SceneDelegate.swift in Sources */ = {isa = PBXBuildFile; fileRef = DED2AF6824339B9C007DFA9B /* SceneDelegate.swift */; };
		DED2AF6B24339B9C007DFA9B /* ViewController.swift in Sources */ = {isa = PBXBuildFile; fileRef = DED2AF6A24339B9C007DFA9B /* ViewController.swift */; };
		DED2AF6E24339B9C007DFA9B /* Main.storyboard in Resources */ = {isa = PBXBuildFile; fileRef = DED2AF6C24339B9C007DFA9B /* Main.storyboard */; };
		DED2AF7024339BA0007DFA9B /* Assets.xcassets in Resources */ = {isa = PBXBuildFile; fileRef = DED2AF6F24339BA0007DFA9B /* Assets.xcassets */; };
		DED2AF7324339BA1007DFA9B /* LaunchScreen.storyboard in Resources */ = {isa = PBXBuildFile; fileRef = DED2AF7124339BA1007DFA9B /* LaunchScreen.storyboard */; };
/* End PBXBuildFile section */

/* Begin PBXFileReference section */
		DED2AF6324339B9C007DFA9B /* Calcular IMC.app */ = {isa = PBXFileReference; explicitFileType = wrapper.application; includeInIndex = 0; path = "Calcular IMC.app"; sourceTree = BUILT_PRODUCTS_DIR; };
		DED2AF6624339B9C007DFA9B /* AppDelegate.swift */ = {isa = PBXFileReference; lastKnownFileType = sourcecode.swift; path = AppDelegate.swift; sourceTree = "<group>"; };
		DED2AF6824339B9C007DFA9B /* SceneDelegate.swift */ = {isa = PBXFileReference; lastKnownFileType = sourcecode.swift; path = SceneDelegate.swift; sourceTree = "<group>"; };
		DED2AF6A24339B9C007DFA9B /* ViewController.swift */ = {isa = PBXFileReference; lastKnownFileType = sourcecode.swift; path = ViewController.swift; sourceTree = "<group>"; };
		DED2AF6D24339B9C007DFA9B /* Base */ = {isa = PBXFileReference; lastKnownFileType = file.storyboard; name = Base; path = Base.lproj/Main.storyboard; sourceTree = "<group>"; };
		DED2AF6F24339BA0007DFA9B /* Assets.xcassets */ = {isa = PBXFileReference; lastKnownFileType = folder.assetcatalog; path = Assets.xcassets; sourceTree = "<group>"; };
		DED2AF7224339BA1007DFA9B /* Base */ = {isa = PBXFileReference; lastKnownFileType = file.storyboard; name = Base; path = Base.lproj/LaunchScreen.storyboard; sourceTree = "<group>"; };
		DED2AF7424339BA1007DFA9B /* Info.plist */ = {isa = PBXFileReference; lastKnownFileType = text.plist.xml; path = Info.plist; sourceTree = "<group>"; };
/* End PBXFileReference section */

/* Begin PBXFrameworksBuildPhase section */
		DED2AF6024339B9C007DFA9B /* Frameworks */ = {
			isa = PBXFrameworksBuildPhase;
			buildActionMask = 2147483647;
			files = (
			);
			runOnlyForDeploymentPostprocessing = 0;
		};
/* End PBXFrameworksBuildPhase section */

/* Begin PBXGroup section */
		DED2AF5A24339B9C007DFA9B = {
			isa = PBXGroup;
			children = (
				DED2AF6524339B9C007DFA9B /* Calcular IMC */,
				DED2AF6424339B9C007DFA9B /* Products */,
			);
			sourceTree = "<group>";
		};
		DED2AF6424339B9C007DFA9B /* Products */ = {
			isa = PBXGroup;
			children = (
				DED2AF6324339B9C007DFA9B /* Calcular IMC.app */,
			);
			name = Products;
			sourceTree = "<group>";
		};
		DED2AF6524339B9C007DFA9B /* Calcular IMC */ = {
			isa = PBXGroup;
			children = (
				DED2AF6624339B9C007DFA9B /* AppDelegate.swift */,
				DED2AF6824339B9C007DFA9B /* SceneDelegate.swift */,
				DED2AF6A24339B9C007DFA9B /* ViewController.swift */,
				DED2AF6C24339B9C007DFA9B /* Main.storyboard */,
				DED2AF6F24339BA0007DFA9B /* Assets.xcassets */,
				DED2AF7124339BA1007DFA9B /* LaunchScreen.storyboard */,
				DED2AF7424339BA1007DFA9B /* Info.plist */,
			);
			path = "Calcular IMC";
			sourceTree = "<group>";
		};
/* End PBXGroup section */

/* Begin PBXNativeTarget section */
		DED2AF6224339B9C007DFA9B /* Calcular IMC */ = {
			isa = PBXNativeTarget;
			buildConfigurationList = DED2AF7724339BA1007DFA9B /* Build configuration list for PBXNativeTarget "Calcular IMC" */;
			buildPhases = (
				DED2AF5F24339B9C007DFA9B /* Sources */,
				DED2AF6024339B9C007DFA9B /* Frameworks */,
				DED2AF6124339B9C007DFA9B /* Resources */,
			);
			buildRules = (
			);
			dependencies = (
			);
			name = "Calcular IMC";
			productName = "Calcular IMC";
			productReference = DED2AF6324339B9C007DFA9B /* Calcular IMC.app */;
			productType = "com.apple.product-type.application";
		};
/* End PBXNativeTarget section */

/* Begin PBXProject section */
		DED2AF5B24339B9C007DFA9B /* Project object */ = {
			isa = PBXProject;
			attributes = {
				LastSwiftUpdateCheck = 1140;
				LastUpgradeCheck = 1140;
				ORGANIZATIONNAME = "Cristian Baptistella";
				TargetAttributes = {
					DED2AF6224339B9C007DFA9B = {
						CreatedOnToolsVersion = 11.4;
					};
				};
			};
			buildConfigurationList = DED2AF5E24339B9C007DFA9B /* Build configuration list for PBXProject "Calcular IMC" */;
			compatibilityVersion = "Xcode 9.3";
			developmentRegion = en;
			hasScannedForEncodings = 0;
			knownRegions = (
				en,
				Base,
			);
			mainGroup = DED2AF5A24339B9C007DFA9B;
			productRefGroup = DED2AF6424339B9C007DFA9B /* Products */;
			projectDirPath = "";
			projectRoot = "";
			targets = (
				DED2AF6224339B9C007DFA9B /* Calcular IMC */,
			);
		};
/* End PBXProject section */

/* Begin PBXResourcesBuildPhase section */
		DED2AF6124339B9C007DFA9B /* Resources */ = {
			isa = PBXResourcesBuildPhase;
			buildActionMask = 2147483647;
			files = (
				DED2AF7324339BA1007DFA9B /* LaunchScreen.storyboard in Resources */,
				DED2AF7024339BA0007DFA9B /* Assets.xcassets in Resources */,
				DED2AF6E24339B9C007DFA9B /* Main.storyboard in Resources */,
			);
			runOnlyForDeploymentPostprocessing = 0;
		};
/* End PBXResourcesBuildPhase section */

/* Begin PBXSourcesBuildPhase section */
		DED2AF5F24339B9C007DFA9B /* Sources */ = {
			isa = PBXSourcesBuildPhase;
			buildActionMask = 2147483647;
			files = (
				DED2AF6B24339B9C007DFA9B /* ViewController.swift in Sources */,
				DED2AF6724339B9C007DFA9B /* AppDelegate.swift in Sources */,
				DED2AF6924339B9C007DFA9B /* SceneDelegate.swift in Sources */,
			);
			runOnlyForDeploymentPostprocessing = 0;
		};
/* End PBXSourcesBuildPhase section */

/* Begin PBXVariantGroup section */
		DED2AF6C24339B9C007DFA9B /* Main.storyboard */ = {
			isa = PBXVariantGroup;
			children = (
				DED2AF6D24339B9C007DFA9B /* Base */,
			);
			name = Main.storyboard;
			sourceTree = "<group>";
		};
		DED2AF7124339BA1007DFA9B /* LaunchScreen.storyboard */ = {
			isa = PBXVariantGroup;
			children = (
				DED2AF7224339BA1007DFA9B /* Base */,
			);
			name = LaunchScreen.storyboard;
			sourceTree = "<group>";
		};
/* End PBXVariantGroup section */

/* Begin XCBuildConfiguration section */
		DED2AF7524339BA1007DFA9B /* Debug */ = {
			isa = XCBuildConfiguration;
			buildSettings = {
				ALWAYS_SEARCH_USER_PATHS = NO;
				CLANG_ANALYZER_NONNULL = YES;
				CLANG_ANALYZER_NUMBER_OBJECT_CONVERSION = YES_AGGRESSIVE;
				CLANG_CXX_LANGUAGE_STANDARD = "gnu++14";
				CLANG_CXX_LIBRARY = "libc++";
				CLANG_ENABLE_MODULES = YES;
				CLANG_ENABLE_OBJC_ARC = YES;
				CLANG_ENABLE_OBJC_WEAK = YES;
				CLANG_WARN_BLOCK_CAPTURE_AUTORELEASING = YES;
				CLANG_WARN_BOOL_CONVERSION = YES;
				CLANG_WARN_COMMA = YES;
				CLANG_WARN_CONSTANT_CONVERSION = YES;
				CLANG_WARN_DEPRECATED_OBJC_IMPLEMENTATIONS = YES;
				CLANG_WARN_DIRECT_OBJC_ISA_USAGE = YES_ERROR;
				CLANG_WARN_DOCUMENTATION_COMMENTS = YES;
				CLANG_WARN_EMPTY_BODY = YES;
				CLANG_WARN_ENUM_CONVERSION = YES;
				CLANG_WARN_INFINITE_RECURSION = YES;
				CLANG_WARN_INT_CONVERSION = YES;
				CLANG_WARN_NON_LITERAL_NULL_CONVERSION = YES;
				CLANG_WARN_OBJC_IMPLICIT_RETAIN_SELF = YES;
				CLANG_WARN_OBJC_LITERAL_CONVERSION = YES;
				CLANG_WARN_OBJC_ROOT_CLASS = YES_ERROR;
				CLANG_WARN_RANGE_LOOP_ANALYSIS = YES;
				CLANG_WARN_STRICT_PROTOTYPES = YES;
				CLANG_WARN_SUSPICIOUS_MOVE = YES;
				CLANG_WARN_UNGUARDED_AVAILABILITY = YES_AGGRESSIVE;
				CLANG_WARN_UNREACHABLE_CODE = YES;
				CLANG_WARN__DUPLICATE_METHOD_MATCH = YES;
				COPY_PHASE_STRIP = NO;
				DEBUG_INFORMATION_FORMAT = dwarf;
				ENABLE_STRICT_OBJC_MSGSEND = YES;
				ENABLE_TESTABILITY = YES;
				GCC_C_LANGUAGE_STANDARD = gnu11;
				GCC_DYNAMIC_NO_PIC = NO;
				GCC_NO_COMMON_BLOCKS = YES;
				GCC_OPTIMIZATION_LEVEL = 0;
				GCC_PREPROCESSOR_DEFINITIONS = (
					"DEBUG=1",
					"$(inherited)",
				);
				GCC_WARN_64_TO_32_BIT_CONVERSION = YES;
				GCC_WARN_ABOUT_RETURN_TYPE = YES_ERROR;
				GCC_WARN_UNDECLARED_SELECTOR = YES;
				GCC_WARN_UNINITIALIZED_AUTOS = YES_AGGRESSIVE;
				GCC_WARN_UNUSED_FUNCTION = YES;
				GCC_WARN_UNUSED_VARIABLE = YES;
				IPHONEOS_DEPLOYMENT_TARGET = 13.4;
				MTL_ENABLE_DEBUG_INFO = INCLUDE_SOURCE;
				MTL_FAST_MATH = YES;
				ONLY_ACTIVE_ARCH = YES;
				SDKROOT = iphoneos;
				SWIFT_ACTIVE_COMPILATION_CONDITIONS = DEBUG;
				SWIFT_OPTIMIZATION_LEVEL = "-Onone";
			};
			name = Debug;
		};
		DED2AF7624339BA1007DFA9B /* Release */ = {
			isa = XCBuildConfiguration;
			buildSettings = {
				ALWAYS_SEARCH_USER_PATHS = NO;
				CLANG_ANALYZER_NONNULL = YES;
				CLANG_ANALYZER_NUMBER_OBJECT_CONVERSION = YES_AGGRESSIVE;
				CLANG_CXX_LANGUAGE_STANDARD = "gnu++14";
				CLANG_CXX_LIBRARY = "libc++";
				CLANG_ENABLE_MODULES = YES;
				CLANG_ENABLE_OBJC_ARC = YES;
				CLANG_ENABLE_OBJC_WEAK = YES;
				CLANG_WARN_BLOCK_CAPTURE_AUTORELEASING = YES;
				CLANG_WARN_BOOL_CONVERSION = YES;
				CLANG_WARN_COMMA = YES;
				CLANG_WARN_CONSTANT_CONVERSION = YES;
				CLANG_WARN_DEPRECATED_OBJC_IMPLEMENTATIONS = YES;
				CLANG_WARN_DIRECT_OBJC_ISA_USAGE = YES_ERROR;
				CLANG_WARN_DOCUMENTATION_COMMENTS = YES;
				CLANG_WARN_EMPTY_BODY = YES;
				CLANG_WARN_ENUM_CONVERSION = YES;
				CLANG_WARN_INFINITE_RECURSION = YES;
				CLANG_WARN_INT_CONVERSION = YES;
				CLANG_WARN_NON_LITERAL_NULL_CONVERSION = YES;
				CLANG_WARN_OBJC_IMPLICIT_RETAIN_SELF = YES;
				CLANG_WARN_OBJC_LITERAL_CONVERSION = YES;
				CLANG_WARN_OBJC_ROOT_CLASS = YES_ERROR;
				CLANG_WARN_RANGE_LOOP_ANALYSIS = YES;
				CLANG_WARN_STRICT_PROTOTYPES = YES;
				CLANG_WARN_SUSPICIOUS_MOVE = YES;
				CLANG_WARN_UNGUARDED_AVAILABILITY = YES_AGGRESSIVE;
				CLANG_WARN_UNREACHABLE_CODE = YES;
				CLANG_WARN__DUPLICATE_METHOD_MATCH = YES;
				COPY_PHASE_STRIP = NO;
				DEBUG_INFORMATION_FORMAT = "dwarf-with-dsym";
				ENABLE_NS_ASSERTIONS = NO;
				ENABLE_STRICT_OBJC_MSGSEND = YES;
				GCC_C_LANGUAGE_STANDARD = gnu11;
				GCC_NO_COMMON_BLOCKS = YES;
				GCC_WARN_64_TO_32_BIT_CONVERSION = YES;
				GCC_WARN_ABOUT_RETURN_TYPE = YES_ERROR;
				GCC_WARN_UNDECLARED_SELECTOR = YES;
				GCC_WARN_UNINITIALIZED_AUTOS = YES_AGGRESSIVE;
				GCC_WARN_UNUSED_FUNCTION = YES;
				GCC_WARN_UNUSED_VARIABLE = YES;
				IPHONEOS_DEPLOYMENT_TARGET = 13.4;
				MTL_ENABLE_DEBUG_INFO = NO;
				MTL_FAST_MATH = YES;
				SDKROOT = iphoneos;
				SWIFT_COMPILATION_MODE = wholemodule;
				SWIFT_OPTIMIZATION_LEVEL = "-O";
				VALIDATE_PRODUCT = YES;
			};
			name = Release;
		};
		DED2AF7824339BA1007DFA9B /* Debug */ = {
			isa = XCBuildConfiguration;
			buildSettings = {
				ASSETCATALOG_COMPILER_APPICON_NAME = AppIcon;
				CODE_SIGN_STYLE = Automatic;
				DEVELOPMENT_TEAM = NK7ACSDB4C;
				INFOPLIST_FILE = "Calcular IMC/Info.plist";
				LD_RUNPATH_SEARCH_PATHS = (
					"$(inherited)",
					"@executable_path/Frameworks",
				);
				PRODUCT_BUNDLE_IDENTIFIER = "cristian.Calcular-IMC";
				PRODUCT_NAME = "$(TARGET_NAME)";
				SWIFT_VERSION = 5.0;
				TARGETED_DEVICE_FAMILY = "1,2";
			};
			name = Debug;
		};
		DED2AF7924339BA1007DFA9B /* Release */ = {
			isa = XCBuildConfiguration;
			buildSettings = {
				ASSETCATALOG_COMPILER_APPICON_NAME = AppIcon;
				CODE_SIGN_STYLE = Automatic;
				DEVELOPMENT_TEAM = NK7ACSDB4C;
				INFOPLIST_FILE = "Calcular IMC/Info.plist";
				LD_RUNPATH_SEARCH_PATHS = (
					"$(inherited)",
					"@executable_path/Frameworks",
				);
				PRODUCT_BUNDLE_IDENTIFIER = "cristian.Calcular-IMC";
				PRODUCT_NAME = "$(TARGET_NAME)";
				SWIFT_VERSION = 5.0;
				TARGETED_DEVICE_FAMILY = "1,2";
			};
			name = Release;
		};
/* End XCBuildConfiguration section */

/* Begin XCConfigurationList section */
		DED2AF5E24339B9C007DFA9B /* Build configuration list for PBXProject "Calcular IMC" */ = {
			isa = XCConfigurationList;
			buildConfigurations = (
				DED2AF7524339BA1007DFA9B /* Debug */,
				DED2AF7624339BA1007DFA9B /* Release */,
			);
			defaultConfigurationIsVisible = 0;
			defaultConfigurationName = Release;
		};
		DED2AF7724339BA1007DFA9B /* Build configuration list for PBXNativeTarget "Calcular IMC" */ = {
			isa = XCConfigurationList;
			buildConfigurations = (
				DED2AF7824339BA1007DFA9B /* Debug */,
				DED2AF7924339BA1007DFA9B /* Release */,
			);
			defaultConfigurationIsVisible = 0;
			defaultConfigurationName = Release;
		};
/* End XCConfigurationList section */
	};
	rootObject = DED2AF5B24339B9C007DFA9B /* Project object */;
}
